
Microsoft Visual Studio Solution File, Format Version 12.00
# Visual Studio 2017
Project("{FAE04EC0-301F-11D3-BF4B-00C04F79EFBC}") = "OperationGM", "OperationGM.csproj", "{8EA04729-1235-5273-731E-F49931810449}"
EndProject
Project("{FAE04EC0-301F-11D3-BF4B-00C04F79EFBC}") = "OperationGM.Editor", "OperationGM.Editor.csproj", "{7D8E1701-0B18-FCE2-9951-A93AC65B220B}"
EndProject
Project("{FAE04EC0-301F-11D3-BF4B-00C04F79EFBC}") = "OperationGM.Editor.Plugins", "OperationGM.Editor.Plugins.csproj", "{B5DDA347-FF2E-AAE6-43DD-BE928BC29F87}"
EndProject
Global
	GlobalSection(SolutionConfigurationPlatforms) = preSolution
		Debug|Any CPU = Debug|Any CPU
		Release|Any CPU = Release|Any CPU
	EndGlobalSection
	GlobalSection(ProjectConfigurationPlatforms) = postSolution
		{8EA04729-1235-5273-731E-F49931810449}.Debug|Any CPU.ActiveCfg = Debug|Any CPU
		{8EA04729-1235-5273-731E-F49931810449}.Debug|Any CPU.Build.0 = Debug|Any CPU
		{8EA04729-1235-5273-731E-F49931810449}.Release|Any CPU.ActiveCfg = Release|Any CPU
		{8EA04729-1235-5273-731E-F49931810449}.Release|Any CPU.Build.0 = Release|Any CPU
		{7D8E1701-0B18-FCE2-9951-A93AC65B220B}.Debug|Any CPU.ActiveCfg = Debug|Any CPU
		{7D8E1701-0B18-FCE2-9951-A93AC65B220B}.Debug|Any CPU.Build.0 = Debug|Any CPU
		{7D8E1701-0B18-FCE2-9951-A93AC65B220B}.Release|Any CPU.ActiveCfg = Release|Any CPU
		{7D8E1701-0B18-FCE2-9951-A93AC65B220B}.Release|Any CPU.Build.0 = Release|Any CPU
		{B5DDA347-FF2E-AAE6-43DD-BE928BC29F87}.Debug|Any CPU.ActiveCfg = Debug|Any CPU
		{B5DDA347-FF2E-AAE6-43DD-BE928BC29F87}.Debug|Any CPU.Build.0 = Debug|Any CPU
		{B5DDA347-FF2E-AAE6-43DD-BE928BC29F87}.Release|Any CPU.ActiveCfg = Release|Any CPU
		{B5DDA347-FF2E-AAE6-43DD-BE928BC29F87}.Release|Any CPU.Build.0 = Release|Any CPU
	EndGlobalSection
	GlobalSection(SolutionProperties) = preSolution
		HideSolutionNode = FALSE
	EndGlobalSection
EndGlobal
